
Microsoft Visual Studio Solution File, Format Version 12.00
# Visual Studio Version 16
VisualStudioVersion = 16.0.29306.81
MinimumVisualStudioVersion = 10.0.40219.1
Project("{FAE04EC0-301F-11D3-BF4B-00C04F79EFBC}") = "InterpretadorNfeConsole", "InterpretadorNfeConsole\InterpretadorNfeConsole.csproj", "{8849CD64-0257-49E3-A5C2-CD6C41DAC15C}"
EndProject
Global
	GlobalSection(SolutionConfigurationPlatforms) = preSolution
		Debug|Any CPU = Debug|Any CPU
		Release|Any CPU = Release|Any CPU
	EndGlobalSection
	GlobalSection(ProjectConfigurationPlatforms) = postSolution
		{8849CD64-0257-49E3-A5C2-CD6C41DAC15C}.Debug|Any CPU.ActiveCfg = Debug|Any CPU
		{8849CD64-0257-49E3-A5C2-CD6C41DAC15C}.Debug|Any CPU.Build.0 = Debug|Any CPU
		{8849CD64-0257-49E3-A5C2-CD6C41DAC15C}.Release|Any CPU.ActiveCfg = Release|Any CPU
		{8849CD64-0257-49E3-A5C2-CD6C41DAC15C}.Release|Any CPU.Build.0 = Release|Any CPU
	EndGlobalSection
	GlobalSection(SolutionProperties) = preSolution
		HideSolutionNode = FALSE
	EndGlobalSection
	GlobalSection(ExtensibilityGlobals) = postSolution
		SolutionGuid = {92F7D320-6B29-44A4-9E4D-38FBE7927FD8}
	EndGlobalSection
EndGlobal
